# This file is automatically @generated by Cargo.
# It is not intended for manual editing.
version = 3

[[package]]
name = "adler"
version = "1.0.2"
source = "registry+https://github.com/rust-lang/crates.io-index"
checksum = "f26201604c87b1e01bd3d98f8d5d9a8fcbb815e8cedb41ffccbeb4bf593a35fe"

[[package]]
name = "aead"
version = "0.3.2"
source = "registry+https://github.com/rust-lang/crates.io-index"
checksum = "7fc95d1bdb8e6666b2b217308eeeb09f2d6728d104be3e31916cc74d15420331"
dependencies = [
 "generic-array 0.14.5",
]

[[package]]
name = "aes"
version = "0.6.0"
source = "registry+https://github.com/rust-lang/crates.io-index"
checksum = "884391ef1066acaa41e766ba8f596341b96e93ce34f9a43e7d24bf0a0eaf0561"
dependencies = [
 "aes-soft",
 "aesni",
 "cipher",
]

[[package]]
name = "aes-gcm"
version = "0.8.0"
source = "registry+https://github.com/rust-lang/crates.io-index"
checksum = "5278b5fabbb9bd46e24aa69b2fdea62c99088e0a950a9be40e3e0101298f88da"
dependencies = [
 "aead",
 "aes",
 "cipher",
 "ctr",
 "ghash",
 "subtle",
]

[[package]]
name = "aes-soft"
version = "0.6.4"
source = "registry+https://github.com/rust-lang/crates.io-index"
checksum = "be14c7498ea50828a38d0e24a765ed2effe92a705885b57d029cd67d45744072"
dependencies = [
 "cipher",
 "opaque-debug",
]

[[package]]
name = "aesni"
version = "0.10.0"
source = "registry+https://github.com/rust-lang/crates.io-index"
checksum = "ea2e11f5e94c2f7d386164cc2aa1f97823fed6f259e486940a71c174dd01b0ce"
dependencies = [
 "cipher",
 "opaque-debug",
]

[[package]]
name = "affinity"
version = "0.1.2"
source = "registry+https://github.com/rust-lang/crates.io-index"
checksum = "763e484feceb7dd021b21c5c6f81aee06b1594a743455ec7efbf72e6355e447b"
dependencies = [
 "cfg-if 1.0.0",
 "errno",
 "libc",
 "num_cpus",
]

[[package]]
name = "approx"
version = "0.3.2"
source = "registry+https://github.com/rust-lang/crates.io-index"
checksum = "f0e60b75072ecd4168020818c0107f2857bb6c4e64252d8d3983f6263b40a5c3"
dependencies = [
 "num-traits",
]

[[package]]
name = "atty"
version = "0.2.14"
source = "registry+https://github.com/rust-lang/crates.io-index"
checksum = "d9b39be18770d11421cdb1b9947a45dd3f37e93092cbf377614828a319d5fee8"
dependencies = [
 "hermit-abi",
 "libc",
 "winapi 0.3.9",
]

[[package]]
name = "autocfg"
version = "1.1.0"
source = "registry+https://github.com/rust-lang/crates.io-index"
checksum = "d468802bab17cbc0cc575e9b053f41e72aa36bfa6b7f55e3529ffa43161b97fa"

[[package]]
name = "base64"
version = "0.9.3"
source = "registry+https://github.com/rust-lang/crates.io-index"
checksum = "489d6c0ed21b11d038c31b6ceccca973e65d73ba3bd8ecb9a2babf5546164643"
dependencies = [
 "byteorder",
 "safemem",
]

[[package]]
name = "base64"
version = "0.13.0"
source = "registry+https://github.com/rust-lang/crates.io-index"
checksum = "904dfeac50f3cdaba28fc6f57fdcddb75f49ed61346676a78c4ffe55877802fd"

[[package]]
name = "bitflags"
version = "1.3.2"
source = "registry+https://github.com/rust-lang/crates.io-index"
checksum = "bef38d45163c2f1dde094a7dfd33ccf595c92905c8f8f4fdc18d06fb1037718a"

[[package]]
name = "block-buffer"
version = "0.9.0"
source = "registry+https://github.com/rust-lang/crates.io-index"
checksum = "4152116fd6e9dadb291ae18fc1ec3575ed6d84c29642d97890f4b4a3417297e4"
dependencies = [
 "generic-array 0.14.5",
]

[[package]]
name = "bstr"
version = "0.2.17"
source = "registry+https://github.com/rust-lang/crates.io-index"
checksum = "ba3569f383e8f1598449f1a423e72e99569137b47740b1da11ef19af3d5c3223"
dependencies = [
 "lazy_static",
 "memchr",
 "regex-automata",
 "serde",
]

[[package]]
name = "built"
version = "0.5.1"
source = "registry+https://github.com/rust-lang/crates.io-index"
checksum = "4f346b6890a0dfa7266974910e7df2d5088120dd54721b9b0e5aae1ae5e05715"
dependencies = [
 "cargo-lock",
 "chrono",
 "git2",
]

[[package]]
name = "byteorder"
version = "1.4.3"
source = "registry+https://github.com/rust-lang/crates.io-index"
checksum = "14c189c53d098945499cdfa7ecc63567cf3886b3332b312a5b4585d8d3a6a610"

[[package]]
name = "cargo-lock"
version = "7.1.0"
source = "registry+https://github.com/rust-lang/crates.io-index"
checksum = "6c408da54db4c50d4693f7e649c299bc9de9c23ead86249e5368830bb32a734b"
dependencies = [
 "semver",
 "serde",
 "toml 0.5.9",
 "url 2.2.2",
]

[[package]]
name = "catchup"
version = "0.1.0"
dependencies = [
 "csv",
 "rand 0.8.5",
 "rayon",
 "rust_road_router",
]

[[package]]
name = "cc"
version = "1.0.73"
source = "registry+https://github.com/rust-lang/crates.io-index"
checksum = "2fff2a6927b3bb87f9595d67196a70493f627687a71d87a0d692242c33f58c11"
dependencies = [
 "jobserver",
]

[[package]]
name = "cchpp"
version = "0.1.0"
dependencies = [
 "affinity",
 "rand 0.8.5",
 "rayon",
 "rust_road_router",
]

[[package]]
name = "cfg-if"
version = "0.1.10"
source = "registry+https://github.com/rust-lang/crates.io-index"
checksum = "4785bdd1c96b2a846b2bd7cc02e86b6b3dbf14e7e53446c4f54c92a361040822"

[[package]]
name = "cfg-if"
version = "1.0.0"
source = "registry+https://github.com/rust-lang/crates.io-index"
checksum = "baf1de4339761588bc0619e3cbc0120ee582ebb74b53b4efbf79117bd2da40fd"

[[package]]
name = "chpot"
version = "0.1.0"
dependencies = [
 "affinity",
 "rand 0.8.5",
 "rayon",
 "rust_road_router",
]

[[package]]
name = "chrono"
version = "0.4.19"
source = "registry+https://github.com/rust-lang/crates.io-index"
checksum = "670ad68c9088c2a963aaa298cb369688cf3f9465ce5e2d4ca10e6e0098a1ce73"
dependencies = [
 "libc",
 "num-integer",
 "num-traits",
 "time",
 "winapi 0.3.9",
]

[[package]]
name = "cipher"
version = "0.2.5"
source = "registry+https://github.com/rust-lang/crates.io-index"
checksum = "12f8e7987cbd042a63249497f41aed09f8e65add917ea6566effbc56578d6801"
dependencies = [
 "generic-array 0.14.5",
]

[[package]]
name = "conversion"
version = "0.1.0"
dependencies = [
 "csv",
 "flate2",
 "glob",
 "nav-types",
 "rust_road_router",
]

[[package]]
name = "cookie"
version = "0.11.4"
source = "registry+https://github.com/rust-lang/crates.io-index"
checksum = "80f6044740a4a516b8aac14c140cdf35c1a640b1bd6b98b6224e49143b2f1566"
dependencies = [
 "aes-gcm",
 "base64 0.13.0",
 "hkdf",
 "hmac",
 "percent-encoding 2.1.0",
 "rand 0.8.5",
 "sha2",
 "time",
]

[[package]]
name = "cpufeatures"
version = "0.2.2"
source = "registry+https://github.com/rust-lang/crates.io-index"
checksum = "59a6001667ab124aebae2a495118e11d30984c3a653e99d86d58971708cf5e4b"
dependencies = [
 "libc",
]

[[package]]
name = "cpuid-bool"
version = "0.2.0"
source = "registry+https://github.com/rust-lang/crates.io-index"
checksum = "dcb25d077389e53838a8158c8e99174c5a9d902dee4904320db714f3c653ffba"

[[package]]
name = "crc32fast"
version = "1.3.2"
source = "registry+https://github.com/rust-lang/crates.io-index"
checksum = "b540bd8bc810d3885c6ea91e2018302f68baba2129ab3e88f32389ee9370880d"
dependencies = [
 "cfg-if 1.0.0",
]

[[package]]
name = "crossbeam-channel"
version = "0.5.5"
source = "registry+https://github.com/rust-lang/crates.io-index"
checksum = "4c02a4d71819009c192cf4872265391563fd6a84c81ff2c0f2a7026ca4c1d85c"
dependencies = [
 "cfg-if 1.0.0",
 "crossbeam-utils",
]

[[package]]
name = "crossbeam-deque"
version = "0.8.1"
source = "registry+https://github.com/rust-lang/crates.io-index"
checksum = "6455c0ca19f0d2fbf751b908d5c55c1f5cbc65e03c4225427254b46890bdde1e"
dependencies = [
 "cfg-if 1.0.0",
 "crossbeam-epoch",
 "crossbeam-utils",
]

[[package]]
name = "crossbeam-epoch"
version = "0.9.9"
source = "registry+https://github.com/rust-lang/crates.io-index"
checksum = "07db9d94cbd326813772c968ccd25999e5f8ae22f4f8d1b11effa37ef6ce281d"
dependencies = [
 "autocfg",
 "cfg-if 1.0.0",
 "crossbeam-utils",
 "memoffset",
 "once_cell",
 "scopeguard",
]

[[package]]
name = "crossbeam-utils"
version = "0.8.10"
source = "registry+https://github.com/rust-lang/crates.io-index"
checksum = "7d82ee10ce34d7bc12c2122495e7593a9c41347ecdd64185af4ecf72cb1a7f83"
dependencies = [
 "cfg-if 1.0.0",
 "once_cell",
]

[[package]]
name = "crypto-mac"
version = "0.10.1"
source = "registry+https://github.com/rust-lang/crates.io-index"
checksum = "bff07008ec701e8028e2ceb8f83f0e4274ee62bd2dbdc4fefff2e9a91824081a"
dependencies = [
 "generic-array 0.14.5",
 "subtle",
]

[[package]]
name = "csv"
version = "1.1.6"
source = "registry+https://github.com/rust-lang/crates.io-index"
checksum = "22813a6dc45b335f9bade10bf7271dc477e81113e89eb251a0bc2a8a81c536e1"
dependencies = [
 "bstr",
 "csv-core",
 "itoa 0.4.8",
 "ryu",
 "serde",
]

[[package]]
name = "csv-core"
version = "0.1.10"
source = "registry+https://github.com/rust-lang/crates.io-index"
checksum = "2b2466559f260f48ad25fe6317b3c8dac77b5bdb5763ac7d9d6103530663bc90"
dependencies = [
 "memchr",
]

[[package]]
name = "ctr"
version = "0.6.0"
source = "registry+https://github.com/rust-lang/crates.io-index"
checksum = "fb4a30d54f7443bf3d6191dcd486aca19e67cb3c49fa7a06a319966346707e7f"
dependencies = [
 "cipher",
]

[[package]]
name = "devise"
version = "0.2.1"
source = "registry+https://github.com/rust-lang/crates.io-index"
checksum = "dd716c4a507adc5a2aa7c2a372d06c7497727e0892b243d3036bc7478a13e526"
dependencies = [
 "devise_codegen",
 "devise_core",
]

[[package]]
name = "devise_codegen"
version = "0.2.1"
source = "registry+https://github.com/rust-lang/crates.io-index"
checksum = "ea7b8290d118127c08e3669da20b331bed56b09f20be5945b7da6c116d8fab53"
dependencies = [
 "devise_core",
 "quote 0.6.13",
]

[[package]]
name = "devise_core"
version = "0.2.1"
source = "registry+https://github.com/rust-lang/crates.io-index"
checksum = "d1053e9d5d5aade9bcedb5ab53b78df2b56ff9408a3138ce77eaaef87f932373"
dependencies = [
 "bitflags",
 "proc-macro2 0.4.30",
 "quote 0.6.13",
 "syn 0.15.44",
]

[[package]]
name = "digest"
version = "0.9.0"
source = "registry+https://github.com/rust-lang/crates.io-index"
checksum = "d3dd60d1080a57a05ab032377049e0591415d2b31afd7028356dbf3cc6dcb066"
dependencies = [
 "generic-array 0.14.5",
]

[[package]]
name = "either"
version = "1.7.0"
source = "registry+https://github.com/rust-lang/crates.io-index"
checksum = "3f107b87b6afc2a64fd13cac55fe06d6c8859f12d4b14cbcdd2c67d0976781be"

[[package]]
name = "errno"
version = "0.2.8"
source = "registry+https://github.com/rust-lang/crates.io-index"
checksum = "f639046355ee4f37944e44f60642c6f3a7efa3cf6b78c78a0d989a8ce6c396a1"
dependencies = [
 "errno-dragonfly",
 "libc",
 "winapi 0.3.9",
]

[[package]]
name = "errno-dragonfly"
version = "0.1.2"
source = "registry+https://github.com/rust-lang/crates.io-index"
checksum = "aa68f1b12764fab894d2755d2518754e71b4fd80ecfb822714a1206c2aab39bf"
dependencies = [
 "cc",
 "libc",
]

[[package]]
name = "filetime"
version = "0.2.17"
source = "registry+https://github.com/rust-lang/crates.io-index"
checksum = "e94a7bbaa59354bc20dd75b67f23e2797b4490e9d6928203fb105c79e448c86c"
dependencies = [
 "cfg-if 1.0.0",
 "libc",
 "redox_syscall",
 "windows-sys",
]

[[package]]
name = "flate2"
version = "1.0.24"
source = "registry+https://github.com/rust-lang/crates.io-index"
checksum = "f82b0f4c27ad9f8bfd1f3208d882da2b09c301bc1c828fd3a00d0216d2fbbff6"
dependencies = [
 "crc32fast",
 "miniz_oxide",
]

[[package]]
name = "form_urlencoded"
version = "1.0.1"
source = "registry+https://github.com/rust-lang/crates.io-index"
checksum = "5fc25a87fa4fd2094bffb06925852034d90a17f0d1e05197d4956d3555752191"
dependencies = [
 "matches",
 "percent-encoding 2.1.0",
]

[[package]]
name = "fsevent"
version = "0.4.0"
source = "registry+https://github.com/rust-lang/crates.io-index"
checksum = "5ab7d1bd1bd33cc98b0889831b72da23c0aa4df9cec7e0702f46ecea04b35db6"
dependencies = [
 "bitflags",
 "fsevent-sys",
]

[[package]]
name = "fsevent-sys"
version = "2.0.1"
source = "registry+https://github.com/rust-lang/crates.io-index"
checksum = "f41b048a94555da0f42f1d632e2e19510084fb8e303b0daa2816e733fb3644a0"
dependencies = [
 "libc",
]

[[package]]
name = "fuchsia-zircon"
version = "0.3.3"
source = "registry+https://github.com/rust-lang/crates.io-index"
checksum = "2e9763c69ebaae630ba35f74888db465e49e259ba1bc0eda7d06f4a067615d82"
dependencies = [
 "bitflags",
 "fuchsia-zircon-sys",
]

[[package]]
name = "fuchsia-zircon-sys"
version = "0.3.3"
source = "registry+https://github.com/rust-lang/crates.io-index"
checksum = "3dcaa9ae7725d12cdb85b3ad99a434db70b468c09ded17e012d86b5c1010f7a7"

[[package]]
name = "fux_kdtree"
version = "0.2.0"
source = "registry+https://github.com/rust-lang/crates.io-index"
checksum = "216bf8256834a87394bf0364f82a92444ee8a00c757630a02a2bf278456f74e7"

[[package]]
name = "generic-array"
version = "0.13.3"
source = "registry+https://github.com/rust-lang/crates.io-index"
checksum = "f797e67af32588215eaaab8327027ee8e71b9dd0b2b26996aedf20c030fce309"
dependencies = [
 "typenum",
]

[[package]]
name = "generic-array"
version = "0.14.5"
source = "registry+https://github.com/rust-lang/crates.io-index"
checksum = "fd48d33ec7f05fbfa152300fdad764757cbded343c1aa1cff2fbaf4134851803"
dependencies = [
 "typenum",
 "version_check 0.9.4",
]

[[package]]
name = "getrandom"
version = "0.1.16"
source = "registry+https://github.com/rust-lang/crates.io-index"
checksum = "8fc3cb4d91f53b50155bdcfd23f6a4c39ae1969c2ae85982b135750cccaf5fce"
dependencies = [
 "cfg-if 1.0.0",
 "libc",
 "wasi 0.9.0+wasi-snapshot-preview1",
]

[[package]]
name = "getrandom"
version = "0.2.7"
source = "registry+https://github.com/rust-lang/crates.io-index"
checksum = "4eb1a864a501629691edf6c15a593b7a51eebaa1e8468e9ddc623de7c9b58ec6"
dependencies = [
 "cfg-if 1.0.0",
 "libc",
 "wasi 0.11.0+wasi-snapshot-preview1",
]

[[package]]
name = "ghash"
version = "0.3.1"
source = "registry+https://github.com/rust-lang/crates.io-index"
checksum = "97304e4cd182c3846f7575ced3890c53012ce534ad9114046b0a9e00bb30a375"
dependencies = [
 "opaque-debug",
 "polyval",
]

[[package]]
name = "git2"
version = "0.13.25"
source = "registry+https://github.com/rust-lang/crates.io-index"
checksum = "f29229cc1b24c0e6062f6e742aa3e256492a5323365e5ed3413599f8a5eff7d6"
dependencies = [
 "bitflags",
 "libc",
 "libgit2-sys",
 "log 0.4.17",
 "url 2.2.2",
]

[[package]]
name = "glob"
version = "0.3.0"
source = "registry+https://github.com/rust-lang/crates.io-index"
checksum = "9b919933a397b79c37e33b77bb2aa3dc8eb6e165ad809e58ff75bc7db2e34574"

[[package]]
name = "hashbrown"
version = "0.12.2"
source = "registry+https://github.com/rust-lang/crates.io-index"
checksum = "607c8a29735385251a339424dd462993c0fed8fa09d378f259377df08c126022"

[[package]]
name = "hermit-abi"
version = "0.1.19"
source = "registry+https://github.com/rust-lang/crates.io-index"
checksum = "62b467343b94ba476dcb2500d242dadbb39557df889310ac77c5d99100aaac33"
dependencies = [
 "libc",
]

[[package]]
name = "hkdf"
version = "0.10.0"
source = "registry+https://github.com/rust-lang/crates.io-index"
checksum = "51ab2f639c231793c5f6114bdb9bbe50a7dbbfcd7c7c6bd8475dec2d991e964f"
dependencies = [
 "digest",
 "hmac",
]

[[package]]
name = "hmac"
version = "0.10.1"
source = "registry+https://github.com/rust-lang/crates.io-index"
checksum = "c1441c6b1e930e2817404b5046f1f989899143a12bf92de603b69f4e0aee1e15"
dependencies = [
 "crypto-mac",
 "digest",
]

[[package]]
name = "httparse"
version = "1.7.1"
source = "registry+https://github.com/rust-lang/crates.io-index"
checksum = "496ce29bb5a52785b44e0f7ca2847ae0bb839c9bd28f69acac9b99d461c0c04c"

[[package]]
name = "hyper"
version = "0.10.16"
source = "registry+https://github.com/rust-lang/crates.io-index"
checksum = "0a0652d9a2609a968c14be1a9ea00bf4b1d64e2e1f53a1b51b6fff3a6e829273"
dependencies = [
 "base64 0.9.3",
 "httparse",
 "language-tags",
 "log 0.3.9",
 "mime",
 "num_cpus",
 "time",
 "traitobject",
 "typeable",
 "unicase",
 "url 1.7.2",
]

[[package]]
name = "idna"
version = "0.1.5"
source = "registry+https://github.com/rust-lang/crates.io-index"
checksum = "38f09e0f0b1fb55fdee1f17470ad800da77af5186a1a76c026b679358b7e844e"
dependencies = [
 "matches",
 "unicode-bidi",
 "unicode-normalization",
]

[[package]]
name = "idna"
version = "0.2.3"
source = "registry+https://github.com/rust-lang/crates.io-index"
checksum = "418a0a6fab821475f634efe3ccc45c013f742efe03d853e8d3355d5cb850ecf8"
dependencies = [
 "matches",
 "unicode-bidi",
 "unicode-normalization",
]

[[package]]
name = "indexmap"
version = "1.9.1"
source = "registry+https://github.com/rust-lang/crates.io-index"
checksum = "10a35a97730320ffe8e2d410b5d3b69279b98d2c14bdb8b70ea89ecf7888d41e"
dependencies = [
 "autocfg",
 "hashbrown",
]

[[package]]
name = "inotify"
version = "0.7.1"
source = "registry+https://github.com/rust-lang/crates.io-index"
checksum = "4816c66d2c8ae673df83366c18341538f234a26d65a9ecea5c348b453ac1d02f"
dependencies = [
 "bitflags",
 "inotify-sys",
 "libc",
]

[[package]]
name = "inotify-sys"
version = "0.1.5"
source = "registry+https://github.com/rust-lang/crates.io-index"
checksum = "e05c02b5e89bff3b946cedeca278abc628fe811e604f027c45a8aa3cf793d0eb"
dependencies = [
 "libc",
]

[[package]]
name = "iovec"
version = "0.1.4"
source = "registry+https://github.com/rust-lang/crates.io-index"
checksum = "b2b3ea6ff95e175473f8ffe6a7eb7c00d054240321b84c57051175fe3c1e075e"
dependencies = [
 "libc",
]

[[package]]
name = "itoa"
version = "0.4.8"
source = "registry+https://github.com/rust-lang/crates.io-index"
checksum = "b71991ff56294aa922b450139ee08b3bfc70982c6b2c7562771375cf73542dd4"

[[package]]
name = "itoa"
version = "1.0.2"
source = "registry+https://github.com/rust-lang/crates.io-index"
checksum = "112c678d4050afce233f4f2852bb2eb519230b3cf12f33585275537d7e41578d"

[[package]]
name = "jobserver"
version = "0.1.24"
source = "registry+https://github.com/rust-lang/crates.io-index"
checksum = "af25a77299a7f711a01975c35a6a424eb6862092cc2d6c72c4ed6cbc56dfc1fa"
dependencies = [
 "libc",
]

[[package]]
name = "kernel32-sys"
version = "0.2.2"
source = "registry+https://github.com/rust-lang/crates.io-index"
checksum = "7507624b29483431c0ba2d82aece8ca6cdba9382bff4ddd0f7490560c056098d"
dependencies = [
 "winapi 0.2.8",
 "winapi-build",
]

[[package]]
name = "language-tags"
version = "0.2.2"
source = "registry+https://github.com/rust-lang/crates.io-index"
checksum = "a91d884b6667cd606bb5a69aa0c99ba811a115fc68915e7056ec08a46e93199a"

[[package]]
name = "lazy_static"
version = "1.4.0"
source = "registry+https://github.com/rust-lang/crates.io-index"
checksum = "e2abad23fbc42b3700f2f279844dc832adb2b2eb069b2df918f455c4e18cc646"

[[package]]
name = "lazycell"
version = "1.3.0"
source = "registry+https://github.com/rust-lang/crates.io-index"
checksum = "830d08ce1d1d941e6b30645f1a0eb5643013d835ce3779a5fc208261dbe10f55"

[[package]]
name = "libc"
version = "0.2.126"
source = "registry+https://github.com/rust-lang/crates.io-index"
checksum = "349d5a591cd28b49e1d1037471617a32ddcda5731b99419008085f72d5a53836"

[[package]]
name = "libgit2-sys"
version = "0.12.26+1.3.0"
source = "registry+https://github.com/rust-lang/crates.io-index"
checksum = "19e1c899248e606fbfe68dcb31d8b0176ebab833b103824af31bddf4b7457494"
dependencies = [
 "cc",
 "libc",
 "libz-sys",
 "pkg-config",
]

[[package]]
name = "libz-sys"
version = "1.1.8"
source = "registry+https://github.com/rust-lang/crates.io-index"
checksum = "9702761c3935f8cc2f101793272e202c72b99da8f4224a19ddcf1279a6450bbf"
dependencies = [
 "cc",
 "libc",
 "pkg-config",
 "vcpkg",
]

[[package]]
name = "log"
version = "0.3.9"
source = "registry+https://github.com/rust-lang/crates.io-index"
checksum = "e19e8d5c34a3e0e2223db8e060f9e8264aeeb5c5fc64a4ee9965c062211c024b"
dependencies = [
 "log 0.4.17",
]

[[package]]
name = "log"
version = "0.4.17"
source = "registry+https://github.com/rust-lang/crates.io-index"
checksum = "abb12e687cfb44aa40f41fc3978ef76448f9b6038cad6aef4259d3c095a2382e"
dependencies = [
 "cfg-if 1.0.0",
]

[[package]]
name = "matches"
version = "0.1.9"
source = "registry+https://github.com/rust-lang/crates.io-index"
checksum = "a3e378b66a060d48947b590737b30a1be76706c8dd7b8ba0f2fe3989c68a853f"

[[package]]
name = "matrixmultiply"
version = "0.2.4"
source = "registry+https://github.com/rust-lang/crates.io-index"
checksum = "916806ba0031cd542105d916a97c8572e1fa6dd79c9c51e7eb43a09ec2dd84c1"
dependencies = [
 "rawpointer",
]

[[package]]
name = "memchr"
version = "2.5.0"
source = "registry+https://github.com/rust-lang/crates.io-index"
checksum = "2dffe52ecf27772e601905b7522cb4ef790d2cc203488bbd0e2fe85fcb74566d"

[[package]]
name = "memoffset"
version = "0.6.5"
source = "registry+https://github.com/rust-lang/crates.io-index"
checksum = "5aa361d4faea93603064a027415f07bd8e1d5c88c9fbf68bf56a285428fd79ce"
dependencies = [
 "autocfg",
]

[[package]]
name = "mime"
version = "0.2.6"
source = "registry+https://github.com/rust-lang/crates.io-index"
checksum = "ba626b8a6de5da682e1caa06bdb42a335aee5a84db8e5046a3e8ab17ba0a3ae0"
dependencies = [
 "log 0.3.9",
]

[[package]]
name = "miniz_oxide"
version = "0.5.3"
source = "registry+https://github.com/rust-lang/crates.io-index"
checksum = "6f5c75688da582b8ffc1f1799e9db273f32133c49e048f614d22ec3256773ccc"
dependencies = [
 "adler",
]

[[package]]
name = "mio"
version = "0.6.23"
source = "registry+https://github.com/rust-lang/crates.io-index"
checksum = "4afd66f5b91bf2a3bc13fad0e21caedac168ca4c707504e75585648ae80e4cc4"
dependencies = [
 "cfg-if 0.1.10",
 "fuchsia-zircon",
 "fuchsia-zircon-sys",
 "iovec",
 "kernel32-sys",
 "libc",
 "log 0.4.17",
 "miow",
 "net2",
 "slab",
 "winapi 0.2.8",
]

[[package]]
name = "mio-extras"
version = "2.0.6"
source = "registry+https://github.com/rust-lang/crates.io-index"
checksum = "52403fe290012ce777c4626790c8951324a2b9e3316b3143779c72b029742f19"
dependencies = [
 "lazycell",
 "log 0.4.17",
 "mio",
 "slab",
]

[[package]]
name = "miow"
version = "0.2.2"
source = "registry+https://github.com/rust-lang/crates.io-index"
checksum = "ebd808424166322d4a38da87083bfddd3ac4c131334ed55856112eb06d46944d"
dependencies = [
 "kernel32-sys",
 "net2",
 "winapi 0.2.8",
 "ws2_32-sys",
]

[[package]]
name = "nalgebra"
version = "0.22.1"
source = "registry+https://github.com/rust-lang/crates.io-index"
checksum = "500430fe18b836c0099c22e716139eae37210ecf8e1ae3931b73078e9a2de7a9"
dependencies = [
 "approx",
 "generic-array 0.13.3",
 "matrixmultiply",
 "num-complex",
 "num-rational",
 "num-traits",
 "rand 0.7.3",
 "rand_distr",
 "simba",
 "typenum",
]

[[package]]
name = "nav-types"
version = "0.5.1"
source = "registry+https://github.com/rust-lang/crates.io-index"
checksum = "a761b66b2e27aba4945f8e82ad20aef2dac0f47f9659ecbbdf54095c79828a37"
dependencies = [
 "nalgebra",
]

[[package]]
name = "net2"
version = "0.2.37"
source = "registry+https://github.com/rust-lang/crates.io-index"
checksum = "391630d12b68002ae1e25e8f974306474966550ad82dac6886fb8910c19568ae"
dependencies = [
 "cfg-if 0.1.10",
 "libc",
 "winapi 0.3.9",
]

[[package]]
name = "notify"
version = "4.0.17"
source = "registry+https://github.com/rust-lang/crates.io-index"
checksum = "ae03c8c853dba7bfd23e571ff0cff7bc9dceb40a4cd684cd1681824183f45257"
dependencies = [
 "bitflags",
 "filetime",
 "fsevent",
 "fsevent-sys",
 "inotify",
 "libc",
 "mio",
 "mio-extras",
 "walkdir",
 "winapi 0.3.9",
]

[[package]]
name = "num-complex"
version = "0.2.4"
source = "registry+https://github.com/rust-lang/crates.io-index"
checksum = "b6b19411a9719e753aff12e5187b74d60d3dc449ec3f4dc21e3989c3f554bc95"
dependencies = [
 "autocfg",
 "num-traits",
]

[[package]]
name = "num-integer"
version = "0.1.45"
source = "registry+https://github.com/rust-lang/crates.io-index"
checksum = "225d3389fb3509a24c93f5c29eb6bde2586b98d9f016636dff58d7c6f7569cd9"
dependencies = [
 "autocfg",
 "num-traits",
]

[[package]]
name = "num-rational"
version = "0.2.4"
source = "registry+https://github.com/rust-lang/crates.io-index"
checksum = "5c000134b5dbf44adc5cb772486d335293351644b801551abe8f75c84cfa4aef"
dependencies = [
 "autocfg",
 "num-integer",
 "num-traits",
]

[[package]]
name = "num-traits"
version = "0.2.15"
source = "registry+https://github.com/rust-lang/crates.io-index"
checksum = "578ede34cf02f8924ab9447f50c28075b4d3e5b269972345e7e0372b38c6cdcd"
dependencies = [
 "autocfg",
]

[[package]]
name = "num_cpus"
version = "1.13.1"
source = "registry+https://github.com/rust-lang/crates.io-index"
checksum = "19e64526ebdee182341572e50e9ad03965aa510cd94427a4549448f285e957a1"
dependencies = [
 "hermit-abi",
 "libc",
]

[[package]]
name = "once_cell"
version = "1.13.0"
source = "registry+https://github.com/rust-lang/crates.io-index"
checksum = "18a6dbe30758c9f83eb00cbea4ac95966305f5a7772f3f42ebfc7fc7eddbd8e1"

[[package]]
name = "opaque-debug"
version = "0.3.0"
source = "registry+https://github.com/rust-lang/crates.io-index"
checksum = "624a8340c38c1b80fd549087862da4ba43e08858af025b236e509b6649fc13d5"

[[package]]
name = "paste"
version = "0.1.18"
source = "registry+https://github.com/rust-lang/crates.io-index"
checksum = "45ca20c77d80be666aef2b45486da86238fabe33e38306bd3118fe4af33fa880"
dependencies = [
 "paste-impl",
 "proc-macro-hack",
]

[[package]]
name = "paste-impl"
version = "0.1.18"
source = "registry+https://github.com/rust-lang/crates.io-index"
checksum = "d95a7db200b97ef370c8e6de0088252f7e0dfff7d047a28528e47456c0fc98b6"
dependencies = [
 "proc-macro-hack",
]

[[package]]
name = "pear"
version = "0.1.5"
source = "registry+https://github.com/rust-lang/crates.io-index"
checksum = "32dfa7458144c6af7f9ce6a137ef975466aa68ffa44d4d816ee5934018ba960a"
dependencies = [
 "pear_codegen",
]

[[package]]
name = "pear_codegen"
version = "0.1.5"
source = "registry+https://github.com/rust-lang/crates.io-index"
checksum = "c0288ba5d581afbc93e2bbd931c1013584c15ecf46b1cdb927edc7abddbc8ca6"
dependencies = [
 "proc-macro2 0.4.30",
 "quote 0.6.13",
 "syn 0.15.44",
 "version_check 0.9.4",
 "yansi",
]

[[package]]
name = "percent-encoding"
version = "1.0.1"
source = "registry+https://github.com/rust-lang/crates.io-index"
checksum = "31010dd2e1ac33d5b46a5b413495239882813e0369f8ed8a5e266f173602f831"

[[package]]
name = "percent-encoding"
version = "2.1.0"
source = "registry+https://github.com/rust-lang/crates.io-index"
checksum = "d4fd5641d01c8f18a23da7b6fe29298ff4b55afcccdf78973b24cf3175fee32e"

[[package]]
name = "pkg-config"
version = "0.3.25"
source = "registry+https://github.com/rust-lang/crates.io-index"
checksum = "1df8c4ec4b0627e53bdf214615ad287367e482558cf84b109250b37464dc03ae"

[[package]]
name = "polyval"
version = "0.4.5"
source = "registry+https://github.com/rust-lang/crates.io-index"
checksum = "eebcc4aa140b9abd2bc40d9c3f7ccec842679cd79045ac3a7ac698c1a064b7cd"
dependencies = [
 "cpuid-bool",
 "opaque-debug",
 "universal-hash",
]

[[package]]
name = "ppv-lite86"
version = "0.2.16"
source = "registry+https://github.com/rust-lang/crates.io-index"
checksum = "eb9f9e6e233e5c4a35559a617bf40a4ec447db2e84c20b55a6f83167b7e57872"

[[package]]
name = "proc-macro-hack"
version = "0.5.19"
source = "registry+https://github.com/rust-lang/crates.io-index"
checksum = "dbf0c48bc1d91375ae5c3cd81e3722dff1abcf81a30960240640d223f59fe0e5"

[[package]]
name = "proc-macro2"
version = "0.4.30"
source = "registry+https://github.com/rust-lang/crates.io-index"
checksum = "cf3d2011ab5c909338f7887f4fc896d35932e29146c12c8d01da6b22a80ba759"
dependencies = [
 "unicode-xid",
]

[[package]]
name = "proc-macro2"
version = "1.0.40"
source = "registry+https://github.com/rust-lang/crates.io-index"
checksum = "dd96a1e8ed2596c337f8eae5f24924ec83f5ad5ab21ea8e455d3566c69fbcaf7"
dependencies = [
 "unicode-ident",
]

[[package]]
name = "quote"
version = "0.6.13"
source = "registry+https://github.com/rust-lang/crates.io-index"
checksum = "6ce23b6b870e8f94f81fb0a363d65d86675884b34a09043c81e5562f11c1f8e1"
dependencies = [
 "proc-macro2 0.4.30",
]

[[package]]
name = "quote"
version = "1.0.20"
source = "registry+https://github.com/rust-lang/crates.io-index"
checksum = "3bcdf212e9776fbcb2d23ab029360416bb1706b1aea2d1a5ba002727cbcab804"
dependencies = [
 "proc-macro2 1.0.40",
]

[[package]]
name = "rand"
version = "0.7.3"
source = "registry+https://github.com/rust-lang/crates.io-index"
checksum = "6a6b1679d49b24bbfe0c803429aa1874472f50d9b363131f0e89fc356b544d03"
dependencies = [
 "getrandom 0.1.16",
 "libc",
 "rand_chacha 0.2.2",
 "rand_core 0.5.1",
 "rand_hc",
]

[[package]]
name = "rand"
version = "0.8.5"
source = "registry+https://github.com/rust-lang/crates.io-index"
checksum = "34af8d1a0e25924bc5b7c43c079c942339d8f0a8b57c39049bef581b46327404"
dependencies = [
 "libc",
 "rand_chacha 0.3.1",
 "rand_core 0.6.3",
]

[[package]]
name = "rand_chacha"
version = "0.2.2"
source = "registry+https://github.com/rust-lang/crates.io-index"
checksum = "f4c8ed856279c9737206bf725bf36935d8666ead7aa69b52be55af369d193402"
dependencies = [
 "ppv-lite86",
 "rand_core 0.5.1",
]

[[package]]
name = "rand_chacha"
version = "0.3.1"
source = "registry+https://github.com/rust-lang/crates.io-index"
checksum = "e6c10a63a0fa32252be49d21e7709d4d4baf8d231c2dbce1eaa8141b9b127d88"
dependencies = [
 "ppv-lite86",
 "rand_core 0.6.3",
]

[[package]]
name = "rand_core"
version = "0.5.1"
source = "registry+https://github.com/rust-lang/crates.io-index"
checksum = "90bde5296fc891b0cef12a6d03ddccc162ce7b2aff54160af9338f8d40df6d19"
dependencies = [
 "getrandom 0.1.16",
]

[[package]]
name = "rand_core"
version = "0.6.3"
source = "registry+https://github.com/rust-lang/crates.io-index"
checksum = "d34f1408f55294453790c48b2f1ebbb1c5b4b7563eb1f418bcfcfdbb06ebb4e7"
dependencies = [
 "getrandom 0.2.7",
]

[[package]]
name = "rand_distr"
version = "0.2.2"
source = "registry+https://github.com/rust-lang/crates.io-index"
checksum = "96977acbdd3a6576fb1d27391900035bf3863d4a16422973a409b488cf29ffb2"
dependencies = [
 "rand 0.7.3",
]

[[package]]
name = "rand_hc"
version = "0.2.0"
source = "registry+https://github.com/rust-lang/crates.io-index"
checksum = "ca3129af7b92a17112d59ad498c6f81eaf463253766b90396d39ea7a39d6613c"
dependencies = [
 "rand_core 0.5.1",
]

[[package]]
name = "rawpointer"
version = "0.2.1"
source = "registry+https://github.com/rust-lang/crates.io-index"
checksum = "60a357793950651c4ed0f3f52338f53b2f809f32d83a07f72909fa13e4c6c1e3"

[[package]]
name = "rayon"
version = "1.5.3"
source = "registry+https://github.com/rust-lang/crates.io-index"
checksum = "bd99e5772ead8baa5215278c9b15bf92087709e9c1b2d1f97cdb5a183c933a7d"
dependencies = [
 "autocfg",
 "crossbeam-deque",
 "either",
 "rayon-core",
]

[[package]]
name = "rayon-core"
version = "1.9.3"
source = "registry+https://github.com/rust-lang/crates.io-index"
checksum = "258bcdb5ac6dad48491bb2992db6b7cf74878b0384908af124823d118c99683f"
dependencies = [
 "crossbeam-channel",
 "crossbeam-deque",
 "crossbeam-utils",
 "num_cpus",
]

[[package]]
name = "redox_syscall"
version = "0.2.13"
source = "registry+https://github.com/rust-lang/crates.io-index"
checksum = "62f25bc4c7e55e0b0b7a1d43fb893f4fa1361d0abe38b9ce4f323c2adfe6ef42"
dependencies = [
 "bitflags",
]

[[package]]
name = "regex-automata"
version = "0.1.10"
source = "registry+https://github.com/rust-lang/crates.io-index"
checksum = "6c230d73fb8d8c1b9c0b3135c5142a8acee3a0558fb8db5cf1cb65f8d7862132"

[[package]]
name = "rocket"
version = "0.4.11"
source = "registry+https://github.com/rust-lang/crates.io-index"
checksum = "83b9d9dc08c5dcc1d8126a9dd615545e6a358f8c13c883c8dfed8c0376fa355e"
dependencies = [
 "atty",
 "base64 0.13.0",
 "log 0.4.17",
 "memchr",
 "num_cpus",
 "pear",
 "rocket_codegen",
 "rocket_http",
 "state",
 "time",
 "toml 0.4.10",
 "version_check 0.9.4",
 "yansi",
]

[[package]]
name = "rocket_codegen"
version = "0.4.11"
source = "registry+https://github.com/rust-lang/crates.io-index"
checksum = "2810037b5820098af97bd4fdd309e76a8101ceb178147de775c835a2537284fe"
dependencies = [
 "devise",
 "glob",
 "indexmap",
 "quote 0.6.13",
 "rocket_http",
 "version_check 0.9.4",
 "yansi",
]

[[package]]
name = "rocket_contrib"
version = "0.4.11"
source = "registry+https://github.com/rust-lang/crates.io-index"
checksum = "e20efbc6a211cb3df5375accf532d4186f224b623f39eca650b19b96240c596b"
dependencies = [
 "log 0.4.17",
 "notify",
 "rocket",
 "serde",
 "serde_json",
]

[[package]]
name = "rocket_http"
version = "0.4.11"
source = "registry+https://github.com/rust-lang/crates.io-index"
checksum = "2bf9cbd128e1f321a2d0bebd2b7cf0aafd89ca43edf69e49b56a5c46e48eb19f"
dependencies = [
 "cookie",
 "hyper",
 "indexmap",
 "pear",
 "percent-encoding 1.0.1",
 "smallvec",
 "state",
 "time",
 "unicode-xid",
]

[[package]]
name = "rust_road_router"
version = "0.1.0"
dependencies = [
 "affinity",
 "built",
 "chrono",
 "rand 0.8.5",
 "rayon",
 "scoped-tls",
 "serde",
 "serde_json",
]

[[package]]
name = "ryu"
version = "1.0.10"
source = "registry+https://github.com/rust-lang/crates.io-index"
checksum = "f3f6f92acf49d1b98f7a81226834412ada05458b7364277387724a237f062695"

[[package]]
name = "safemem"
version = "0.3.3"
source = "registry+https://github.com/rust-lang/crates.io-index"
checksum = "ef703b7cb59335eae2eb93ceb664c0eb7ea6bf567079d843e09420219668e072"

[[package]]
name = "same-file"
version = "1.0.6"
source = "registry+https://github.com/rust-lang/crates.io-index"
checksum = "93fc1dc3aaa9bfed95e02e6eadabb4baf7e3078b0bd1b4d7b6b0b68378900502"
dependencies = [
 "winapi-util",
]

[[package]]
name = "scoped-tls"
version = "1.0.0"
source = "registry+https://github.com/rust-lang/crates.io-index"
checksum = "ea6a9290e3c9cf0f18145ef7ffa62d68ee0bf5fcd651017e586dc7fd5da448c2"

[[package]]
name = "scopeguard"
version = "1.1.0"
source = "registry+https://github.com/rust-lang/crates.io-index"
checksum = "d29ab0c6d3fc0ee92fe66e2d99f700eab17a8d57d1c1d3b748380fb20baa78cd"

[[package]]
name = "semver"
version = "1.0.12"
source = "registry+https://github.com/rust-lang/crates.io-index"
checksum = "a2333e6df6d6598f2b1974829f853c2b4c5f4a6e503c10af918081aa6f8564e1"
dependencies = [
 "serde",
]

[[package]]
name = "serde"
version = "1.0.139"
source = "registry+https://github.com/rust-lang/crates.io-index"
checksum = "0171ebb889e45aa68b44aee0859b3eede84c6f5f5c228e6f140c0b2a0a46cad6"
dependencies = [
 "serde_derive",
]

[[package]]
name = "serde_derive"
version = "1.0.139"
source = "registry+https://github.com/rust-lang/crates.io-index"
checksum = "dc1d3230c1de7932af58ad8ffbe1d784bd55efd5a9d84ac24f69c72d83543dfb"
dependencies = [
 "proc-macro2 1.0.40",
 "quote 1.0.20",
 "syn 1.0.98",
]

[[package]]
name = "serde_json"
version = "1.0.82"
source = "registry+https://github.com/rust-lang/crates.io-index"
checksum = "82c2c1fdcd807d1098552c5b9a36e425e42e9fbd7c6a37a8425f390f781f7fa7"
dependencies = [
 "itoa 1.0.2",
 "ryu",
 "serde",
]

[[package]]
name = "server"
version = "0.1.0"
dependencies = [
 "conversion",
 "crossbeam-utils",
 "fux_kdtree",
 "rocket",
 "rocket_contrib",
 "rust_road_router",
 "serde",
 "serde_json",
]

[[package]]
name = "sha2"
version = "0.9.9"
source = "registry+https://github.com/rust-lang/crates.io-index"
checksum = "4d58a1e1bf39749807d89cf2d98ac2dfa0ff1cb3faa38fbb64dd88ac8013d800"
dependencies = [
 "block-buffer",
 "cfg-if 1.0.0",
 "cpufeatures",
 "digest",
 "opaque-debug",
]

[[package]]
name = "simba"
version = "0.2.4"
source = "registry+https://github.com/rust-lang/crates.io-index"
checksum = "051b345c9ec09734622cbb49e20dfcf72c9b55e473f0ca6a8025409e37c25fb8"
dependencies = [
 "approx",
 "num-complex",
 "num-traits",
 "paste",
]

[[package]]
name = "slab"
version = "0.4.6"
source = "registry+https://github.com/rust-lang/crates.io-index"
checksum = "eb703cfe953bccee95685111adeedb76fabe4e97549a58d16f03ea7b9367bb32"

[[package]]
name = "smallvec"
version = "1.9.0"
source = "registry+https://github.com/rust-lang/crates.io-index"
checksum = "2fd0db749597d91ff862fd1d55ea87f7855a744a8425a64695b6fca237d1dad1"

[[package]]
name = "state"
version = "0.4.2"
source = "registry+https://github.com/rust-lang/crates.io-index"
checksum = "3015a7d0a5fd5105c91c3710d42f9ccf0abfb287d62206484dcc67f9569a6483"

[[package]]
name = "subtle"
version = "2.4.1"
source = "registry+https://github.com/rust-lang/crates.io-index"
checksum = "6bdef32e8150c2a081110b42772ffe7d7c9032b606bc226c8260fd97e0976601"

[[package]]
name = "syn"
version = "0.15.44"
source = "registry+https://github.com/rust-lang/crates.io-index"
checksum = "9ca4b3b69a77cbe1ffc9e198781b7acb0c7365a883670e8f1c1bc66fba79a5c5"
dependencies = [
 "proc-macro2 0.4.30",
 "quote 0.6.13",
 "unicode-xid",
]

[[package]]
name = "syn"
version = "1.0.98"
source = "registry+https://github.com/rust-lang/crates.io-index"
checksum = "c50aef8a904de4c23c788f104b7dddc7d6f79c647c7c8ce4cc8f73eb0ca773dd"
dependencies = [
 "proc-macro2 1.0.40",
 "quote 1.0.20",
 "unicode-ident",
]

[[package]]
name = "tdpot"
version = "0.1.0"
dependencies = [
 "csv",
 "rand 0.8.5",
 "rust_road_router",
]

[[package]]
name = "time"
version = "0.1.44"
source = "registry+https://github.com/rust-lang/crates.io-index"
checksum = "6db9e6914ab8b1ae1c260a4ae7a49b6c5611b40328a735b21862567685e73255"
dependencies = [
 "libc",
 "wasi 0.10.0+wasi-snapshot-preview1",
 "winapi 0.3.9",
]

[[package]]
name = "tinyvec"
version = "1.6.0"
source = "registry+https://github.com/rust-lang/crates.io-index"
checksum = "87cc5ceb3875bb20c2890005a4e226a4651264a5c75edb2421b52861a0a0cb50"
dependencies = [
 "tinyvec_macros",
]

[[package]]
name = "tinyvec_macros"
version = "0.1.0"
source = "registry+https://github.com/rust-lang/crates.io-index"
checksum = "cda74da7e1a664f795bb1f8a87ec406fb89a02522cf6e50620d016add6dbbf5c"

[[package]]
name = "toml"
version = "0.4.10"
source = "registry+https://github.com/rust-lang/crates.io-index"
checksum = "758664fc71a3a69038656bee8b6be6477d2a6c315a6b81f7081f591bffa4111f"
dependencies = [
 "serde",
]

[[package]]
name = "toml"
version = "0.5.9"
source = "registry+https://github.com/rust-lang/crates.io-index"
checksum = "8d82e1a7758622a465f8cee077614c73484dac5b836c02ff6a40d5d1010324d7"
dependencies = [
 "serde",
]

[[package]]
name = "traitobject"
version = "0.1.0"
source = "registry+https://github.com/rust-lang/crates.io-index"
checksum = "efd1f82c56340fdf16f2a953d7bda4f8fdffba13d93b00844c25572110b26079"

[[package]]
name = "typeable"
version = "0.1.2"
source = "registry+https://github.com/rust-lang/crates.io-index"
checksum = "1410f6f91f21d1612654e7cc69193b0334f909dcf2c790c4826254fbb86f8887"

[[package]]
name = "typenum"
version = "1.15.0"
source = "registry+https://github.com/rust-lang/crates.io-index"
checksum = "dcf81ac59edc17cc8697ff311e8f5ef2d99fcbd9817b34cec66f90b6c3dfd987"

[[package]]
name = "unicase"
version = "1.4.2"
source = "registry+https://github.com/rust-lang/crates.io-index"
checksum = "7f4765f83163b74f957c797ad9253caf97f103fb064d3999aea9568d09fc8a33"
dependencies = [
 "version_check 0.1.5",
]

[[package]]
name = "unicode-bidi"
version = "0.3.8"
source = "registry+https://github.com/rust-lang/crates.io-index"
checksum = "099b7128301d285f79ddd55b9a83d5e6b9e97c92e0ea0daebee7263e932de992"

[[package]]
name = "unicode-ident"
version = "1.0.1"
source = "registry+https://github.com/rust-lang/crates.io-index"
checksum = "5bd2fe26506023ed7b5e1e315add59d6f584c621d037f9368fea9cfb988f368c"

[[package]]
name = "unicode-normalization"
version = "0.1.21"
source = "registry+https://github.com/rust-lang/crates.io-index"
checksum = "854cbdc4f7bc6ae19c820d44abdc3277ac3e1b2b93db20a636825d9322fb60e6"
dependencies = [
 "tinyvec",
]

[[package]]
name = "unicode-xid"
version = "0.1.0"
source = "registry+https://github.com/rust-lang/crates.io-index"
checksum = "fc72304796d0818e357ead4e000d19c9c174ab23dc11093ac919054d20a6a7fc"

[[package]]
name = "universal-hash"
version = "0.4.1"
source = "registry+https://github.com/rust-lang/crates.io-index"
checksum = "9f214e8f697e925001e66ec2c6e37a4ef93f0f78c2eed7814394e10c62025b05"
dependencies = [
 "generic-array 0.14.5",
 "subtle",
]

[[package]]
name = "url"
version = "1.7.2"
source = "registry+https://github.com/rust-lang/crates.io-index"
checksum = "dd4e7c0d531266369519a4aa4f399d748bd37043b00bde1e4ff1f60a120b355a"
dependencies = [
 "idna 0.1.5",
 "matches",
 "percent-encoding 1.0.1",
]

[[package]]
name = "url"
version = "2.2.2"
source = "registry+https://github.com/rust-lang/crates.io-index"
checksum = "a507c383b2d33b5fc35d1861e77e6b383d158b2da5e14fe51b83dfedf6fd578c"
dependencies = [
 "form_urlencoded",
 "idna 0.2.3",
 "matches",
 "percent-encoding 2.1.0",
]

[[package]]
name = "utils"
version = "0.1.0"
dependencies = [
 "rand 0.8.5",
 "rust_road_router",
]

[[package]]
name = "vcpkg"
version = "0.2.15"
source = "registry+https://github.com/rust-lang/crates.io-index"
checksum = "accd4ea62f7bb7a82fe23066fb0957d48ef677f6eeb8215f372f52e48bb32426"

[[package]]
name = "version_check"
version = "0.1.5"
source = "registry+https://github.com/rust-lang/crates.io-index"
checksum = "914b1a6776c4c929a602fafd8bc742e06365d4bcbe48c30f9cca5824f70dc9dd"

[[package]]
name = "version_check"
version = "0.9.4"
source = "registry+https://github.com/rust-lang/crates.io-index"
checksum = "49874b5167b65d7193b8aba1567f5c7d93d001cafc34600cee003eda787e483f"

[[package]]
name = "visualization"
version = "0.1.0"
dependencies = [
 "rust_road_router",
]

[[package]]
name = "walkdir"
version = "2.3.2"
source = "registry+https://github.com/rust-lang/crates.io-index"
checksum = "808cf2735cd4b6866113f648b791c6adc5714537bc222d9347bb203386ffda56"
dependencies = [
 "same-file",
 "winapi 0.3.9",
 "winapi-util",
]

[[package]]
name = "wasi"
version = "0.9.0+wasi-snapshot-preview1"
source = "registry+https://github.com/rust-lang/crates.io-index"
checksum = "cccddf32554fecc6acb585f82a32a72e28b48f8c4c1883ddfeeeaa96f7d8e519"

[[package]]
name = "wasi"
version = "0.10.0+wasi-snapshot-preview1"
source = "registry+https://github.com/rust-lang/crates.io-index"
checksum = "1a143597ca7c7793eff794def352d41792a93c481eb1042423ff7ff72ba2c31f"

[[package]]
name = "wasi"
version = "0.11.0+wasi-snapshot-preview1"
source = "registry+https://github.com/rust-lang/crates.io-index"
checksum = "9c8d87e72b64a3b4db28d11ce29237c246188f4f51057d65a7eab63b7987e423"

[[package]]
name = "winapi"
version = "0.2.8"
source = "registry+https://github.com/rust-lang/crates.io-index"
checksum = "167dc9d6949a9b857f3451275e911c3f44255842c1f7a76f33c55103a909087a"

[[package]]
name = "winapi"
version = "0.3.9"
source = "registry+https://github.com/rust-lang/crates.io-index"
checksum = "5c839a674fcd7a98952e593242ea400abe93992746761e38641405d28b00f419"
dependencies = [
 "winapi-i686-pc-windows-gnu",
 "winapi-x86_64-pc-windows-gnu",
]

[[package]]
name = "winapi-build"
version = "0.1.1"
source = "registry+https://github.com/rust-lang/crates.io-index"
checksum = "2d315eee3b34aca4797b2da6b13ed88266e6d612562a0c46390af8299fc699bc"

[[package]]
name = "winapi-i686-pc-windows-gnu"
version = "0.4.0"
source = "registry+https://github.com/rust-lang/crates.io-index"
checksum = "ac3b87c63620426dd9b991e5ce0329eff545bccbbb34f3be09ff6fb6ab51b7b6"

[[package]]
name = "winapi-util"
version = "0.1.5"
source = "registry+https://github.com/rust-lang/crates.io-index"
checksum = "70ec6ce85bb158151cae5e5c87f95a8e97d2c0c4b001223f33a334e3ce5de178"
dependencies = [
 "winapi 0.3.9",
]

[[package]]
name = "winapi-x86_64-pc-windows-gnu"
version = "0.4.0"
source = "registry+https://github.com/rust-lang/crates.io-index"
checksum = "712e227841d057c1ee1cd2fb22fa7e5a5461ae8e48fa2ca79ec42cfc1931183f"

[[package]]
name = "windows-sys"
version = "0.36.1"
source = "registry+https://github.com/rust-lang/crates.io-index"
checksum = "ea04155a16a59f9eab786fe12a4a450e75cdb175f9e0d80da1e17db09f55b8d2"
dependencies = [
 "windows_aarch64_msvc",
 "windows_i686_gnu",
 "windows_i686_msvc",
 "windows_x86_64_gnu",
 "windows_x86_64_msvc",
]

[[package]]
name = "windows_aarch64_msvc"
version = "0.36.1"
source = "registry+https://github.com/rust-lang/crates.io-index"
checksum = "9bb8c3fd39ade2d67e9874ac4f3db21f0d710bee00fe7cab16949ec184eeaa47"

[[package]]
name = "windows_i686_gnu"
version = "0.36.1"
source = "registry+https://github.com/rust-lang/crates.io-index"
checksum = "180e6ccf01daf4c426b846dfc66db1fc518f074baa793aa7d9b9aaeffad6a3b6"

[[package]]
name = "windows_i686_msvc"
version = "0.36.1"
source = "registry+https://github.com/rust-lang/crates.io-index"
checksum = "e2e7917148b2812d1eeafaeb22a97e4813dfa60a3f8f78ebe204bcc88f12f024"

[[package]]
name = "windows_x86_64_gnu"
version = "0.36.1"
source = "registry+https://github.com/rust-lang/crates.io-index"
checksum = "4dcd171b8776c41b97521e5da127a2d86ad280114807d0b2ab1e462bc764d9e1"

[[package]]
name = "windows_x86_64_msvc"
version = "0.36.1"
source = "registry+https://github.com/rust-lang/crates.io-index"
checksum = "c811ca4a8c853ef420abd8592ba53ddbbac90410fab6903b3e79972a631f7680"

[[package]]
name = "ws2_32-sys"
version = "0.2.1"
source = "registry+https://github.com/rust-lang/crates.io-index"
checksum = "d59cefebd0c892fa2dd6de581e937301d8552cb44489cdff035c6187cb63fa5e"
dependencies = [
 "winapi 0.2.8",
 "winapi-build",
]

[[package]]
name = "yansi"
version = "0.5.1"
source = "registry+https://github.com/rust-lang/crates.io-index"
checksum = "09041cd90cf85f7f8b2df60c646f853b7f535ce68f85244eb6731cf89fa498ec"
